Microsoft Visual Studio Solution File, Format Version 12.00
# Visual Studio 14
VisualStudioVersion = 14.0.23107.0
MinimumVisualStudioVersion = 10.0.40219.1
Project("{FAE04EC0-301F-11D3-BF4B-00C04F79EFBC}") = "MEBS_HQPlugin", "MEBS_HQPlugin.csproj", "{274E39C2-7D4D-436C-87AC-C6C8AF1085F8}"
EndProject
Project("{FAE04EC0-301F-11D3-BF4B-00C04F79EFBC}") = "HQClient", "..\HQClient\HQClient.csproj", "{63F2E834-0E7B-4477-83D9-14BDFED7B790}"
EndProject
Project("{FAE04EC0-301F-11D3-BF4B-00C04F79EFBC}") = "HQModel", "..\HQModel\HQModel.csproj", "{E57FDC0B-8946-46CC-B5FB-29C07E19794B}"
EndProject
Global
	GlobalSection(SolutionConfigurationPlatforms) = preSolution
		Debug|Any CPU = Debug|Any CPU
		Release|Any CPU = Release|Any CPU
	EndGlobalSection
	GlobalSection(ProjectConfigurationPlatforms) = postSolution
		{274E39C2-7D4D-436C-87AC-C6C8AF1085F8}.Debug|Any CPU.ActiveCfg = Debug|Any CPU
		{274E39C2-7D4D-436C-87AC-C6C8AF1085F8}.Debug|Any CPU.Build.0 = Debug|Any CPU
		{274E39C2-7D4D-436C-87AC-C6C8AF1085F8}.Release|Any CPU.ActiveCfg = Release|Any CPU
		{274E39C2-7D4D-436C-87AC-C6C8AF1085F8}.Release|Any CPU.Build.0 = Release|Any CPU
		{63F2E834-0E7B-4477-83D9-14BDFED7B790}.Debug|Any CPU.ActiveCfg = Debug|Any CPU
		{63F2E834-0E7B-4477-83D9-14BDFED7B790}.Debug|Any CPU.Build.0 = Debug|Any CPU
		{63F2E834-0E7B-4477-83D9-14BDFED7B790}.Release|Any CPU.ActiveCfg = Release|Any CPU
		{63F2E834-0E7B-4477-83D9-14BDFED7B790}.Release|Any CPU.Build.0 = Release|Any CPU
		{E57FDC0B-8946-46CC-B5FB-29C07E19794B}.Debug|Any CPU.ActiveCfg = Debug|Any CPU
		{E57FDC0B-8946-46CC-B5FB-29C07E19794B}.Debug|Any CPU.Build.0 = Debug|Any CPU
		{E57FDC0B-8946-46CC-B5FB-29C07E19794B}.Release|Any CPU.ActiveCfg = Release|Any CPU
		{E57FDC0B-8946-46CC-B5FB-29C07E19794B}.Release|Any CPU.Build.0 = Release|Any CPU
	EndGlobalSection
	GlobalSection(SolutionProperties) = preSolution
		HideSolutionNode = FALSE
	EndGlobalSection
EndGlobal
