
Microsoft Visual Studio Solution File, Format Version 10.00
# Visual Studio 2008
Project("{FAE04EC0-301F-11D3-BF4B-00C04F79EFBC}") = "SetServerInfoPlugin", "SetServerInfoPlugin.csproj", "{66B8217A-3AEE-4D23-BBB8-3638B9BB5000}"
EndProject
Global
	GlobalSection(SolutionConfigurationPlatforms) = preSolution
		Debug|Any CPU = Debug|Any CPU
		Release|Any CPU = Release|Any CPU
	EndGlobalSection
	GlobalSection(ProjectConfigurationPlatforms) = postSolution
		{66B8217A-3AEE-4D23-BBB8-3638B9BB5000}.Debug|Any CPU.ActiveCfg = Debug|Any CPU
		{66B8217A-3AEE-4D23-BBB8-3638B9BB5000}.Debug|Any CPU.Build.0 = Debug|Any CPU
		{66B8217A-3AEE-4D23-BBB8-3638B9BB5000}.Release|Any CPU.ActiveCfg = Release|Any CPU
		{66B8217A-3AEE-4D23-BBB8-3638B9BB5000}.Release|Any CPU.Build.0 = Release|Any CPU
	EndGlobalSection
	GlobalSection(SolutionProperties) = preSolution
		HideSolutionNode = FALSE
	EndGlobalSection
EndGlobal
